
Microsoft Visual Studio Solution File, Format Version 12.00
# Visual Studio 15
VisualStudioVersion = 15.0.27703.2047
MinimumVisualStudioVersion = 10.0.40219.1
Project("{9A19103F-16F7-4668-BE54-9A1E7A4F7556}") = "HappyBDay", "HappyBDay\HappyBDay.csproj", "{B4E51322-46E7-4060-A846-0E3DB417EEF8}"
EndProject
Project("{9A19103F-16F7-4668-BE54-9A1E7A4F7556}") = "HappyBDay.Core.Test", "HappyBDay.Core.Test\HappyBDay.Core.Test.csproj", "{328814CC-C987-4DA3-882C-29BEE7ACFCDC}"
EndProject
Global
	GlobalSection(SolutionConfigurationPlatforms) = preSolution
		Debug|Any CPU = Debug|Any CPU
		Release|Any CPU = Release|Any CPU
	EndGlobalSection
	GlobalSection(ProjectConfigurationPlatforms) = postSolution
		{B4E51322-46E7-4060-A846-0E3DB417EEF8}.Debug|Any CPU.ActiveCfg = Debug|Any CPU
		{B4E51322-46E7-4060-A846-0E3DB417EEF8}.Debug|Any CPU.Build.0 = Debug|Any CPU
		{B4E51322-46E7-4060-A846-0E3DB417EEF8}.Release|Any CPU.ActiveCfg = Release|Any CPU
		{B4E51322-46E7-4060-A846-0E3DB417EEF8}.Release|Any CPU.Build.0 = Release|Any CPU
		{328814CC-C987-4DA3-882C-29BEE7ACFCDC}.Debug|Any CPU.ActiveCfg = Debug|Any CPU
		{328814CC-C987-4DA3-882C-29BEE7ACFCDC}.Debug|Any CPU.Build.0 = Debug|Any CPU
		{328814CC-C987-4DA3-882C-29BEE7ACFCDC}.Release|Any CPU.ActiveCfg = Release|Any CPU
		{328814CC-C987-4DA3-882C-29BEE7ACFCDC}.Release|Any CPU.Build.0 = Release|Any CPU
	EndGlobalSection
	GlobalSection(SolutionProperties) = preSolution
		HideSolutionNode = FALSE
	EndGlobalSection
	GlobalSection(ExtensibilityGlobals) = postSolution
		SolutionGuid = {5A2450F1-2708-4E41-8A76-02048CF09A6F}
	EndGlobalSection
EndGlobal
